Microsoft Visual Studio Solution File, Format Version 12.00
# Visual Studio Version 17
VisualStudioVersion = 17.5.2.0
MinimumVisualStudioVersion = 10.0.40219.1
Project("{FAE04EC0-301F-11D3-BF4B-00C04F79EFBC}") = "Template.Api", "Template.Api.csproj", "{FA1D52EC-3609-62D4-9745-390F966E8B01}"
EndProject
Global
	GlobalSection(SolutionConfigurationPlatforms) = preSolution
		Debug|Any CPU = Debug|Any CPU
		Release|Any CPU = Release|Any CPU
	EndGlobalSection
	GlobalSection(ProjectConfigurationPlatforms) = postSolution
		{FA1D52EC-3609-62D4-9745-390F966E8B01}.Debug|Any CPU.ActiveCfg = Debug|Any CPU
		{FA1D52EC-3609-62D4-9745-390F966E8B01}.Debug|Any CPU.Build.0 = Debug|Any CPU
		{FA1D52EC-3609-62D4-9745-390F966E8B01}.Release|Any CPU.ActiveCfg = Release|Any CPU
		{FA1D52EC-3609-62D4-9745-390F966E8B01}.Release|Any CPU.Build.0 = Release|Any CPU
	EndGlobalSection
	GlobalSection(SolutionProperties) = preSolution
		HideSolutionNode = FALSE
	EndGlobalSection
	GlobalSection(ExtensibilityGlobals) = postSolution
		SolutionGuid = {1259F9F1-5211-4629-BDF3-BF6A9706F17F}
	EndGlobalSection
EndGlobal
